# This file is automatically @generated by Cargo.
# It is not intended for manual editing.
version = 4

[[package]]
name = "anyhow"
version = "1.0.104"
source = "registry+https://github.com/rust-lang/crates.io-index"
checksum = "330a5ed07fa54e4702c9d6c4174f74427fc0ef6e214bbd677ae50a5099946470"

[[package]]
name = "imgtool"
version = "0.1.0"
dependencies = [
 "anyhow",
 "smallvec",
 "toml-span",
]

[[package]]
name = "smallvec"
version = "1.16.0"
source = "registry+https://github.com/rust-lang/crates.io-index"
checksum = "b9be42f50aa861c555654aa3a37f52f4b1074bacf4e48fe0ef7fa584e80f1f0f"

[[package]]
name = "toml-span"
version = "0.7.1"
source = "registry+https://github.com/rust-lang/crates.io-index"
checksum = "f22ba417d437b5fa5dcba6c27dbd6c14f38845315b724d89fed73b7a426451b7"
dependencies = [
 "smallvec",
]
